
Microsoft Visual Studio Solution File, Format Version 12.00
# Visual Studio 2012
Project("{FAE04EC0-301F-11D3-BF4B-00C04F79EFBC}") = "MeetWhere", "MeetWhere\MeetWhere.csproj", "{33443C3B-A710-4C4C-907A-414B65B99F8B}"
EndProject
Project("{FAE04EC0-301F-11D3-BF4B-00C04F79EFBC}") = "Mapper", "Mapper\Mapper.csproj", "{81BE1C57-E16A-41FF-82DC-A88D99F71037}"
EndProject
Project("{FAE04EC0-301F-11D3-BF4B-00C04F79EFBC}") = "MapperW8", "MapperW8\MapperW8.csproj", "{FF0A4A50-7153-46C4-8577-5CF843136D47}"
EndProject
Project("{FAE04EC0-301F-11D3-BF4B-00C04F79EFBC}") = "MeetWhereW8", "MeetWhereW8\MeetWhereW8.csproj", "{2B496F2C-09C6-4E43-9A31-9990ACFDC326}"
EndProject
Project("{2150E333-8FDC-42A3-9474-1A3956D46DE8}") = ".nuget", ".nuget", "{E47B957F-D237-4C8D-A83A-181294210863}"
	ProjectSection(SolutionItems) = preProject
		.nuget\NuGet.Config = .nuget\NuGet.Config
		.nuget\NuGet.exe = .nuget\NuGet.exe
		.nuget\NuGet.targets = .nuget\NuGet.targets
	EndProjectSection
EndProject
Project("{FAE04EC0-301F-11D3-BF4B-00C04F79EFBC}") = "MeetWhereDesktop", "MeetWhereDesktop\MeetWhereDesktop.csproj", "{592120FF-72F6-4FF7-8F5A-5B7D7EE0FBFF}"
EndProject
Project("{FAE04EC0-301F-11D3-BF4B-00C04F79EFBC}") = "MapperDesktop", "MapperDesktop\MapperDesktop.csproj", "{C7DB8C0E-00B3-448E-BD79-D075EAF4BD8A}"
EndProject
Project("{FAE04EC0-301F-11D3-BF4B-00C04F79EFBC}") = "DummyForNuget", "DummyForNuget\DummyForNuget.csproj", "{2ADE7775-72F0-4D79-8E43-B54B872D6C72}"
EndProject
Project("{FAE04EC0-301F-11D3-BF4B-00C04F79EFBC}") = "MappingBase", "MappingBase\MappingBase.csproj", "{D3C53466-31BB-4DCD-BF29-85D8B0107022}"
EndProject
Project("{FAE04EC0-301F-11D3-BF4B-00C04F79EFBC}") = "WiFiMapper", "WiFiMapper\WiFiMapper.csproj", "{E5399802-785F-451D-A947-85DD389E8575}"
EndProject
Global
	GlobalSection(SolutionConfigurationPlatforms) = preSolution
		Debug|Any CPU = Debug|Any CPU
		Debug|ARM = Debug|ARM
		Debug|x64 = Debug|x64
		Debug|x86 = Debug|x86
		Release|Any CPU = Release|Any CPU
		Release|ARM = Release|ARM
		Release|x64 = Release|x64
		Release|x86 = Release|x86
	EndGlobalSection
	GlobalSection(ProjectConfigurationPlatforms) = postSolution
		{33443C3B-A710-4C4C-907A-414B65B99F8B}.Debug|Any CPU.ActiveCfg = Debug|Any CPU
		{33443C3B-A710-4C4C-907A-414B65B99F8B}.Debug|Any CPU.Build.0 = Debug|Any CPU
		{33443C3B-A710-4C4C-907A-414B65B99F8B}.Debug|Any CPU.Deploy.0 = Debug|Any CPU
		{33443C3B-A710-4C4C-907A-414B65B99F8B}.Debug|ARM.ActiveCfg = Debug|ARM
		{33443C3B-A710-4C4C-907A-414B65B99F8B}.Debug|ARM.Build.0 = Debug|ARM
		{33443C3B-A710-4C4C-907A-414B65B99F8B}.Debug|ARM.Deploy.0 = Debug|ARM
		{33443C3B-A710-4C4C-907A-414B65B99F8B}.Debug|x64.ActiveCfg = Debug|Any CPU
		{33443C3B-A710-4C4C-907A-414B65B99F8B}.Debug|x86.ActiveCfg = Debug|x86
		{33443C3B-A710-4C4C-907A-414B65B99F8B}.Debug|x86.Build.0 = Debug|x86
		{33443C3B-A710-4C4C-907A-414B65B99F8B}.Debug|x86.Deploy.0 = Debug|x86
		{33443C3B-A710-4C4C-907A-414B65B99F8B}.Release|Any CPU.ActiveCfg = Release|Any CPU
		{33443C3B-A710-4C4C-907A-414B65B99F8B}.Release|Any CPU.Build.0 = Release|Any CPU
		{33443C3B-A710-4C4C-907A-414B65B99F8B}.Release|Any CPU.Deploy.0 = Release|Any CPU
		{33443C3B-A710-4C4C-907A-414B65B99F8B}.Release|ARM.ActiveCfg = Release|ARM
		{33443C3B-A710-4C4C-907A-414B65B99F8B}.Release|ARM.Build.0 = Release|ARM
		{33443C3B-A710-4C4C-907A-414B65B99F8B}.Release|ARM.Deploy.0 = Release|ARM
		{33443C3B-A710-4C4C-907A-414B65B99F8B}.Release|x64.ActiveCfg = Release|Any CPU
		{33443C3B-A710-4C4C-907A-414B65B99F8B}.Release|x86.ActiveCfg = Release|x86
		{33443C3B-A710-4C4C-907A-414B65B99F8B}.Release|x86.Build.0 = Release|x86
		{33443C3B-A710-4C4C-907A-414B65B99F8B}.Release|x86.Deploy.0 = Release|x86
		{81BE1C57-E16A-41FF-82DC-A88D99F71037}.Debug|Any CPU.ActiveCfg = Debug|Any CPU
		{81BE1C57-E16A-41FF-82DC-A88D99F71037}.Debug|Any CPU.Build.0 = Debug|Any CPU
		{81BE1C57-E16A-41FF-82DC-A88D99F71037}.Debug|ARM.ActiveCfg = Debug|ARM
		{81BE1C57-E16A-41FF-82DC-A88D99F71037}.Debug|ARM.Build.0 = Debug|ARM
		{81BE1C57-E16A-41FF-82DC-A88D99F71037}.Debug|x64.ActiveCfg = Debug|Any CPU
		{81BE1C57-E16A-41FF-82DC-A88D99F71037}.Debug|x86.ActiveCfg = Debug|x86
		{81BE1C57-E16A-41FF-82DC-A88D99F71037}.Debug|x86.Build.0 = Debug|x86
		{81BE1C57-E16A-41FF-82DC-A88D99F71037}.Release|Any CPU.ActiveCfg = Release|Any CPU
		{81BE1C57-E16A-41FF-82DC-A88D99F71037}.Release|Any CPU.Build.0 = Release|Any CPU
		{81BE1C57-E16A-41FF-82DC-A88D99F71037}.Release|ARM.ActiveCfg = Release|ARM
		{81BE1C57-E16A-41FF-82DC-A88D99F71037}.Release|ARM.Build.0 = Release|ARM
		{81BE1C57-E16A-41FF-82DC-A88D99F71037}.Release|x64.ActiveCfg = Release|Any CPU
		{81BE1C57-E16A-41FF-82DC-A88D99F71037}.Release|x86.ActiveCfg = Release|x86
		{81BE1C57-E16A-41FF-82DC-A88D99F71037}.Release|x86.Build.0 = Release|x86
		{FF0A4A50-7153-46C4-8577-5CF843136D47}.Debug|Any CPU.ActiveCfg = Debug|Any CPU
		{FF0A4A50-7153-46C4-8577-5CF843136D47}.Debug|Any CPU.Build.0 = Debug|Any CPU
		{FF0A4A50-7153-46C4-8577-5CF843136D47}.Debug|ARM.ActiveCfg = Debug|ARM
		{FF0A4A50-7153-46C4-8577-5CF843136D47}.Debug|ARM.Build.0 = Debug|ARM
		{FF0A4A50-7153-46C4-8577-5CF843136D47}.Debug|x64.ActiveCfg = Debug|x64
		{FF0A4A50-7153-46C4-8577-5CF843136D47}.Debug|x64.Build.0 = Debug|x64
		{FF0A4A50-7153-46C4-8577-5CF843136D47}.Debug|x86.ActiveCfg = Debug|x86
		{FF0A4A50-7153-46C4-8577-5CF843136D47}.Debug|x86.Build.0 = Debug|x86
		{FF0A4A50-7153-46C4-8577-5CF843136D47}.Release|Any CPU.ActiveCfg = Release|Any CPU
		{FF0A4A50-7153-46C4-8577-5CF843136D47}.Release|Any CPU.Build.0 = Release|Any CPU
		{FF0A4A50-7153-46C4-8577-5CF843136D47}.Release|ARM.ActiveCfg = Release|ARM
		{FF0A4A50-7153-46C4-8577-5CF843136D47}.Release|ARM.Build.0 = Release|ARM
		{FF0A4A50-7153-46C4-8577-5CF843136D47}.Release|x64.ActiveCfg = Release|x64
		{FF0A4A50-7153-46C4-8577-5CF843136D47}.Release|x64.Build.0 = Release|x64
		{FF0A4A50-7153-46C4-8577-5CF843136D47}.Release|x86.ActiveCfg = Release|x86
		{FF0A4A50-7153-46C4-8577-5CF843136D47}.Release|x86.Build.0 = Release|x86
		{2B496F2C-09C6-4E43-9A31-9990ACFDC326}.Debug|Any CPU.ActiveCfg = Debug|Any CPU
		{2B496F2C-09C6-4E43-9A31-9990ACFDC326}.Debug|Any CPU.Build.0 = Debug|Any CPU
		{2B496F2C-09C6-4E43-9A31-9990ACFDC326}.Debug|Any CPU.Deploy.0 = Debug|Any CPU
		{2B496F2C-09C6-4E43-9A31-9990ACFDC326}.Debug|ARM.ActiveCfg = Debug|ARM
		{2B496F2C-09C6-4E43-9A31-9990ACFDC326}.Debug|ARM.Build.0 = Debug|ARM
		{2B496F2C-09C6-4E43-9A31-9990ACFDC326}.Debug|ARM.Deploy.0 = Debug|ARM
		{2B496F2C-09C6-4E43-9A31-9990ACFDC326}.Debug|x64.ActiveCfg = Debug|x64
		{2B496F2C-09C6-4E43-9A31-9990ACFDC326}.Debug|x64.Build.0 = Debug|x64
		{2B496F2C-09C6-4E43-9A31-9990ACFDC326}.Debug|x64.Deploy.0 = Debug|x64
		{2B496F2C-09C6-4E43-9A31-9990ACFDC326}.Debug|x86.ActiveCfg = Debug|x86
		{2B496F2C-09C6-4E43-9A31-9990ACFDC326}.Debug|x86.Build.0 = Debug|x86
		{2B496F2C-09C6-4E43-9A31-9990ACFDC326}.Debug|x86.Deploy.0 = Debug|x86
		{2B496F2C-09C6-4E43-9A31-9990ACFDC326}.Release|Any CPU.ActiveCfg = Release|Any CPU
		{2B496F2C-09C6-4E43-9A31-9990ACFDC326}.Release|Any CPU.Build.0 = Release|Any CPU
		{2B496F2C-09C6-4E43-9A31-9990ACFDC326}.Release|Any CPU.Deploy.0 = Release|Any CPU
		{2B496F2C-09C6-4E43-9A31-9990ACFDC326}.Release|ARM.ActiveCfg = Release|ARM
		{2B496F2C-09C6-4E43-9A31-9990ACFDC326}.Release|ARM.Build.0 = Release|ARM
		{2B496F2C-09C6-4E43-9A31-9990ACFDC326}.Release|ARM.Deploy.0 = Release|ARM
		{2B496F2C-09C6-4E43-9A31-9990ACFDC326}.Release|x64.ActiveCfg = Release|x64
		{2B496F2C-09C6-4E43-9A31-9990ACFDC326}.Release|x64.Build.0 = Release|x64
		{2B496F2C-09C6-4E43-9A31-9990ACFDC326}.Release|x64.Deploy.0 = Release|x64
		{2B496F2C-09C6-4E43-9A31-9990ACFDC326}.Release|x86.ActiveCfg = Release|x86
		{2B496F2C-09C6-4E43-9A31-9990ACFDC326}.Release|x86.Build.0 = Release|x86
		{2B496F2C-09C6-4E43-9A31-9990ACFDC326}.Release|x86.Deploy.0 = Release|x86
		{592120FF-72F6-4FF7-8F5A-5B7D7EE0FBFF}.Debug|Any CPU.ActiveCfg = Debug|Any CPU
		{592120FF-72F6-4FF7-8F5A-5B7D7EE0FBFF}.Debug|Any CPU.Build.0 = Debug|Any CPU
		{592120FF-72F6-4FF7-8F5A-5B7D7EE0FBFF}.Debug|ARM.ActiveCfg = Debug|Any CPU
		{592120FF-72F6-4FF7-8F5A-5B7D7EE0FBFF}.Debug|x64.ActiveCfg = Debug|Any CPU
		{592120FF-72F6-4FF7-8F5A-5B7D7EE0FBFF}.Debug|x86.ActiveCfg = Debug|Any CPU
		{592120FF-72F6-4FF7-8F5A-5B7D7EE0FBFF}.Release|Any CPU.ActiveCfg = Release|Any CPU
		{592120FF-72F6-4FF7-8F5A-5B7D7EE0FBFF}.Release|Any CPU.Build.0 = Release|Any CPU
		{592120FF-72F6-4FF7-8F5A-5B7D7EE0FBFF}.Release|ARM.ActiveCfg = Release|Any CPU
		{592120FF-72F6-4FF7-8F5A-5B7D7EE0FBFF}.Release|x64.ActiveCfg = Release|Any CPU
		{592120FF-72F6-4FF7-8F5A-5B7D7EE0FBFF}.Release|x86.ActiveCfg = Release|Any CPU
		{C7DB8C0E-00B3-448E-BD79-D075EAF4BD8A}.Debug|Any CPU.ActiveCfg = Debug|Any CPU
		{C7DB8C0E-00B3-448E-BD79-D075EAF4BD8A}.Debug|Any CPU.Build.0 = Debug|Any CPU
		{C7DB8C0E-00B3-448E-BD79-D075EAF4BD8A}.Debug|ARM.ActiveCfg = Debug|Any CPU
		{C7DB8C0E-00B3-448E-BD79-D075EAF4BD8A}.Debug|x64.ActiveCfg = Debug|Any CPU
		{C7DB8C0E-00B3-448E-BD79-D075EAF4BD8A}.Debug|x86.ActiveCfg = Debug|Any CPU
		{C7DB8C0E-00B3-448E-BD79-D075EAF4BD8A}.Release|Any CPU.ActiveCfg = Release|Any CPU
		{C7DB8C0E-00B3-448E-BD79-D075EAF4BD8A}.Release|Any CPU.Build.0 = Release|Any CPU
		{C7DB8C0E-00B3-448E-BD79-D075EAF4BD8A}.Release|ARM.ActiveCfg = Release|Any CPU
		{C7DB8C0E-00B3-448E-BD79-D075EAF4BD8A}.Release|x64.ActiveCfg = Release|Any CPU
		{C7DB8C0E-00B3-448E-BD79-D075EAF4BD8A}.Release|x86.ActiveCfg = Release|Any CPU
		{2ADE7775-72F0-4D79-8E43-B54B872D6C72}.Debug|Any CPU.ActiveCfg = Debug|Any CPU
		{2ADE7775-72F0-4D79-8E43-B54B872D6C72}.Debug|Any CPU.Build.0 = Debug|Any CPU
		{2ADE7775-72F0-4D79-8E43-B54B872D6C72}.Debug|ARM.ActiveCfg = Debug|Any CPU
		{2ADE7775-72F0-4D79-8E43-B54B872D6C72}.Debug|x64.ActiveCfg = Debug|Any CPU
		{2ADE7775-72F0-4D79-8E43-B54B872D6C72}.Debug|x86.ActiveCfg = Debug|Any CPU
		{2ADE7775-72F0-4D79-8E43-B54B872D6C72}.Release|Any CPU.ActiveCfg = Release|Any CPU
		{2ADE7775-72F0-4D79-8E43-B54B872D6C72}.Release|Any CPU.Build.0 = Release|Any CPU
		{2ADE7775-72F0-4D79-8E43-B54B872D6C72}.Release|ARM.ActiveCfg = Release|Any CPU
		{2ADE7775-72F0-4D79-8E43-B54B872D6C72}.Release|x64.ActiveCfg = Release|Any CPU
		{2ADE7775-72F0-4D79-8E43-B54B872D6C72}.Release|x86.ActiveCfg = Release|Any CPU
		{D3C53466-31BB-4DCD-BF29-85D8B0107022}.Debug|Any CPU.ActiveCfg = Debug|Any CPU
		{D3C53466-31BB-4DCD-BF29-85D8B0107022}.Debug|Any CPU.Build.0 = Debug|Any CPU
		{D3C53466-31BB-4DCD-BF29-85D8B0107022}.Debug|ARM.ActiveCfg = Debug|Any CPU
		{D3C53466-31BB-4DCD-BF29-85D8B0107022}.Debug|x64.ActiveCfg = Debug|Any CPU
		{D3C53466-31BB-4DCD-BF29-85D8B0107022}.Debug|x86.ActiveCfg = Debug|Any CPU
		{D3C53466-31BB-4DCD-BF29-85D8B0107022}.Release|Any CPU.ActiveCfg = Release|Any CPU
		{D3C53466-31BB-4DCD-BF29-85D8B0107022}.Release|Any CPU.Build.0 = Release|Any CPU
		{D3C53466-31BB-4DCD-BF29-85D8B0107022}.Release|ARM.ActiveCfg = Release|Any CPU
		{D3C53466-31BB-4DCD-BF29-85D8B0107022}.Release|x64.ActiveCfg = Release|Any CPU
		{D3C53466-31BB-4DCD-BF29-85D8B0107022}.Release|x86.ActiveCfg = Release|Any CPU
		{E5399802-785F-451D-A947-85DD389E8575}.Debug|Any CPU.ActiveCfg = Debug|Any CPU
		{E5399802-785F-451D-A947-85DD389E8575}.Debug|Any CPU.Build.0 = Debug|Any CPU
		{E5399802-785F-451D-A947-85DD389E8575}.Debug|ARM.ActiveCfg = Debug|Any CPU
		{E5399802-785F-451D-A947-85DD389E8575}.Debug|x64.ActiveCfg = Debug|Any CPU
		{E5399802-785F-451D-A947-85DD389E8575}.Debug|x86.ActiveCfg = Debug|Any CPU
		{E5399802-785F-451D-A947-85DD389E8575}.Release|Any CPU.ActiveCfg = Release|Any CPU
		{E5399802-785F-451D-A947-85DD389E8575}.Release|Any CPU.Build.0 = Release|Any CPU
		{E5399802-785F-451D-A947-85DD389E8575}.Release|ARM.ActiveCfg = Release|Any CPU
		{E5399802-785F-451D-A947-85DD389E8575}.Release|x64.ActiveCfg = Release|Any CPU
		{E5399802-785F-451D-A947-85DD389E8575}.Release|x86.ActiveCfg = Release|Any CPU
	EndGlobalSection
	GlobalSection(SolutionProperties) = preSolution
		HideSolutionNode = FALSE
	EndGlobalSection
EndGlobal
